// !$*UTF8*$!
{
	archiveVersion = 1;
	classes = {
	};
	objectVersion = 56;
	objects = {

/* Begin PBXBuildFile section */
		4710B7012B40C72100A6E5CB /* PropertyWrapperDeck.swift in Sources */ = {isa = PBXBuildFile; fileRef = 4710B7002B40C72000A6E5CB /* PropertyWrapperDeck.swift */; };
		478CF5002AC6190800505F90 /* DeckExampleApp.swift in Sources */ = {isa = PBXBuildFile; fileRef = 478CF4FF2AC6190800505F90 /* DeckExampleApp.swift */; };
		478CF5042AC6190800505F90 /* Assets.xcassets in Resources */ = {isa = PBXBuildFile; fileRef = 478CF5032AC6190800505F90 /* Assets.xcassets */; };
		478CF5072AC6190800505F90 /* Preview Assets.xcassets in Resources */ = {isa = PBXBuildFile; fileRef = 478CF5062AC6190800505F90 /* Preview Assets.xcassets */; };
		478CF5162AC619D800505F90 /* Deck in Frameworks */ = {isa = PBXBuildFile; productRef = 478CF5152AC619D800505F90 /* Deck */; };
		478CF5182AC6542100505F90 /* ResultBuilderDeck.swift in Sources */ = {isa = PBXBuildFile; fileRef = 478CF5172AC6542100505F90 /* ResultBuilderDeck.swift */; };
		478CF51A2AC6610100505F90 /* ParameterPacksDeck.swift in Sources */ = {isa = PBXBuildFile; fileRef = 478CF5192AC6610100505F90 /* ParameterPacksDeck.swift */; };
		478CF51E2AC6FC7700505F90 /* ParameterPackExperiment.swift in Sources */ = {isa = PBXBuildFile; fileRef = 478CF51D2AC6FC7700505F90 /* ParameterPackExperiment.swift */; };
		47C2D2542ACF2792003624D7 /* TypePackView.swift in Sources */ = {isa = PBXBuildFile; fileRef = 47C2D2532ACF2792003624D7 /* TypePackView.swift */; };
		47C2D2572ACF27DE003624D7 /* IdentifiedCollections in Frameworks */ = {isa = PBXBuildFile; productRef = 47C2D2562ACF27DE003624D7 /* IdentifiedCollections */; };
/* End PBXBuildFile section */

/* Begin PBXFileReference section */
		4710B7002B40C72000A6E5CB /* PropertyWrapperDeck.swift */ = {isa = PBXFileReference; lastKnownFileType = sourcecode.swift; path = PropertyWrapperDeck.swift; sourceTree = "<group>"; };
		478CF4FC2AC6190800505F90 /* DeckExample.app */ = {isa = PBXFileReference; explicitFileType = wrapper.application; includeInIndex = 0; path = DeckExample.app; sourceTree = BUILT_PRODUCTS_DIR; };
		478CF4FF2AC6190800505F90 /* DeckExampleApp.swift */ = {isa = PBXFileReference; lastKnownFileType = sourcecode.swift; path = DeckExampleApp.swift; sourceTree = "<group>"; };
		478CF5032AC6190800505F90 /* Assets.xcassets */ = {isa = PBXFileReference; lastKnownFileType = folder.assetcatalog; path = Assets.xcassets; sourceTree = "<group>"; };
		478CF5062AC6190800505F90 /* Preview Assets.xcassets */ = {isa = PBXFileReference; lastKnownFileType = folder.assetcatalog; path = "Preview Assets.xcassets"; sourceTree = "<group>"; };
		478CF5082AC6190800505F90 /* DeckExample.entitlements */ = {isa = PBXFileReference; lastKnownFileType = text.plist.entitlements; path = DeckExample.entitlements; sourceTree = "<group>"; };
		478CF5172AC6542100505F90 /* ResultBuilderDeck.swift */ = {isa = PBXFileReference; lastKnownFileType = sourcecode.swift; path = ResultBuilderDeck.swift; sourceTree = "<group>"; };
		478CF5192AC6610100505F90 /* ParameterPacksDeck.swift */ = {isa = PBXFileReference; lastKnownFileType = sourcecode.swift; path = ParameterPacksDeck.swift; sourceTree = "<group>"; };
		478CF51D2AC6FC7700505F90 /* ParameterPackExperiment.swift */ = {isa = PBXFileReference; lastKnownFileType = sourcecode.swift; path = ParameterPackExperiment.swift; sourceTree = "<group>"; };
		47C2D2532ACF2792003624D7 /* TypePackView.swift */ = {isa = PBXFileReference; lastKnownFileType = sourcecode.swift; path = TypePackView.swift; sourceTree = "<group>"; };
/* End PBXFileReference section */

/* Begin PBXFrameworksBuildPhase section */
		478CF4F92AC6190800505F90 /* Frameworks */ = {
			isa = PBXFrameworksBuildPhase;
			buildActionMask = 2147483647;
			files = (
				478CF5162AC619D800505F90 /* Deck in Frameworks */,
				47C2D2572ACF27DE003624D7 /* IdentifiedCollections in Frameworks */,
			);
			runOnlyForDeploymentPostprocessing = 0;
		};
/* End PBXFrameworksBuildPhase section */

/* Begin PBXGroup section */
		478CF4F32AC6190800505F90 = {
			isa = PBXGroup;
			children = (
				478CF4FE2AC6190800505F90 /* DeckExample */,
				478CF4FD2AC6190800505F90 /* Products */,
				478CF5142AC619D800505F90 /* Frameworks */,
			);
			sourceTree = "<group>";
		};
		478CF4FD2AC6190800505F90 /* Products */ = {
			isa = PBXGroup;
			children = (
				478CF4FC2AC6190800505F90 /* DeckExample.app */,
			);
			name = Products;
			sourceTree = "<group>";
		};
		478CF4FE2AC6190800505F90 /* DeckExample */ = {
			isa = PBXGroup;
			children = (
				478CF51B2AC6FC5800505F90 /* Decks */,
				478CF4FF2AC6190800505F90 /* DeckExampleApp.swift */,
				478CF5032AC6190800505F90 /* Assets.xcassets */,
				478CF5082AC6190800505F90 /* DeckExample.entitlements */,
				478CF5052AC6190800505F90 /* Preview Content */,
				478CF5172AC6542100505F90 /* ResultBuilderDeck.swift */,
			);
			path = DeckExample;
			sourceTree = "<group>";
		};
		478CF5052AC6190800505F90 /* Preview Content */ = {
			isa = PBXGroup;
			children = (
				478CF5062AC6190800505F90 /* Preview Assets.xcassets */,
			);
			path = "Preview Content";
			sourceTree = "<group>";
		};
		478CF5142AC619D800505F90 /* Frameworks */ = {
			isa = PBXGroup;
			children = (
			);
			name = Frameworks;
			sourceTree = "<group>";
		};
		478CF51B2AC6FC5800505F90 /* Decks */ = {
			isa = PBXGroup;
			children = (
				478CF51C2AC6FC6100505F90 /* ParameterPacks */,
			);
			path = Decks;
			sourceTree = "<group>";
		};
		478CF51C2AC6FC6100505F90 /* ParameterPacks */ = {
			isa = PBXGroup;
			children = (
				478CF5192AC6610100505F90 /* ParameterPacksDeck.swift */,
				47C2D2532ACF2792003624D7 /* TypePackView.swift */,
				478CF51D2AC6FC7700505F90 /* ParameterPackExperiment.swift */,
				4710B7002B40C72000A6E5CB /* PropertyWrapperDeck.swift */,
			);
			path = ParameterPacks;
			sourceTree = "<group>";
		};
/* End PBXGroup section */

/* Begin PBXNativeTarget section */
		478CF4FB2AC6190800505F90 /* DeckExample */ = {
			isa = PBXNativeTarget;
			buildConfigurationList = 478CF50B2AC6190800505F90 /* Build configuration list for PBXNativeTarget "DeckExample" */;
			buildPhases = (
				478CF4F82AC6190800505F90 /* Sources */,
				478CF4F92AC6190800505F90 /* Frameworks */,
				478CF4FA2AC6190800505F90 /* Resources */,
			);
			buildRules = (
			);
			dependencies = (
			);
			name = DeckExample;
			packageProductDependencies = (
				478CF5152AC619D800505F90 /* Deck */,
				47C2D2562ACF27DE003624D7 /* IdentifiedCollections */,
			);
			productName = DeckExample;
			productReference = 478CF4FC2AC6190800505F90 /* DeckExample.app */;
			productType = "com.apple.product-type.application";
		};
/* End PBXNativeTarget section */

/* Begin PBXProject section */
		478CF4F42AC6190800505F90 /* Project object */ = {
			isa = PBXProject;
			attributes = {
				BuildIndependentTargetsInParallel = 1;
				LastSwiftUpdateCheck = 1500;
				LastUpgradeCheck = 1500;
				TargetAttributes = {
					478CF4FB2AC6190800505F90 = {
						CreatedOnToolsVersion = 15.0;
					};
				};
			};
			buildConfigurationList = 478CF4F72AC6190800505F90 /* Build configuration list for PBXProject "DeckExample" */;
			compatibilityVersion = "Xcode 14.0";
			developmentRegion = en;
			hasScannedForEncodings = 0;
			knownRegions = (
				en,
				Base,
			);
			mainGroup = 478CF4F32AC6190800505F90;
			packageReferences = (
				47C2D2552ACF27DE003624D7 /* XCRemoteSwiftPackageReference "swift-identified-collections" */,
			);
			productRefGroup = 478CF4FD2AC6190800505F90 /* Products */;
			projectDirPath = "";
			projectRoot = "";
			targets = (
				478CF4FB2AC6190800505F90 /* DeckExample */,
			);
		};
/* End PBXProject section */

/* Begin PBXResourcesBuildPhase section */
		478CF4FA2AC6190800505F90 /* Resources */ = {
			isa = PBXResourcesBuildPhase;
			buildActionMask = 2147483647;
			files = (
				478CF5072AC6190800505F90 /* Preview Assets.xcassets in Resources */,
				478CF5042AC6190800505F90 /* Assets.xcassets in Resources */,
			);
			runOnlyForDeploymentPostprocessing = 0;
		};
/* End PBXResourcesBuildPhase section */

/* Begin PBXSourcesBuildPhase section */
		478CF4F82AC6190800505F90 /* Sources */ = {
			isa = PBXSourcesBuildPhase;
			buildActionMask = 2147483647;
			files = (
				478CF51E2AC6FC7700505F90 /* ParameterPackExperiment.swift in Sources */,
				478CF51A2AC6610100505F90 /* ParameterPacksDeck.swift in Sources */,
				47C2D2542ACF2792003624D7 /* TypePackView.swift in Sources */,
				478CF5182AC6542100505F90 /* ResultBuilderDeck.swift in Sources */,
				478CF5002AC6190800505F90 /* DeckExampleApp.swift in Sources */,
				4710B7012B40C72100A6E5CB /* PropertyWrapperDeck.swift in Sources */,
			);
			runOnlyForDeploymentPostprocessing = 0;
		};
/* End PBXSourcesBuildPhase section */

/* Begin XCBuildConfiguration section */
		478CF5092AC6190800505F90 /* Debug */ = {
			isa = XCBuildConfiguration;
			buildSettings = {
				ALWAYS_SEARCH_USER_PATHS = NO;
				ASSETCATALOG_COMPILER_GENERATE_SWIFT_ASSET_SYMBOL_EXTENSIONS = YES;
				CLANG_ANALYZER_NONNULL = YES;
				CLANG_ANALYZER_NUMBER_OBJECT_CONVERSION = YES_AGGRESSIVE;
				CLANG_CXX_LANGUAGE_STANDARD = "gnu++20";
				CLANG_ENABLE_MODULES = YES;
				CLANG_ENABLE_OBJC_ARC = YES;
				CLANG_ENABLE_OBJC_WEAK = YES;
				CLANG_WARN_BLOCK_CAPTURE_AUTORELEASING = YES;
				CLANG_WARN_BOOL_CONVERSION = YES;
				CLANG_WARN_COMMA = YES;
				CLANG_WARN_CONSTANT_CONVERSION = YES;
				CLANG_WARN_DEPRECATED_OBJC_IMPLEMENTATIONS = YES;
				CLANG_WARN_DIRECT_OBJC_ISA_USAGE = YES_ERROR;
				CLANG_WARN_DOCUMENTATION_COMMENTS = YES;
				CLANG_WARN_EMPTY_BODY = YES;
				CLANG_WARN_ENUM_CONVERSION = YES;
				CLANG_WARN_INFINITE_RECURSION = YES;
				CLANG_WARN_INT_CONVERSION = YES;
				CLANG_WARN_NON_LITERAL_NULL_CONVERSION = YES;
				CLANG_WARN_OBJC_IMPLICIT_RETAIN_SELF = YES;
				CLANG_WARN_OBJC_LITERAL_CONVERSION = YES;
				CLANG_WARN_OBJC_ROOT_CLASS = YES_ERROR;
				CLANG_WARN_QUOTED_INCLUDE_IN_FRAMEWORK_HEADER = YES;
				CLANG_WARN_RANGE_LOOP_ANALYSIS = YES;
				CLANG_WARN_STRICT_PROTOTYPES = YES;
				CLANG_WARN_SUSPICIOUS_MOVE = YES;
				CLANG_WARN_UNGUARDED_AVAILABILITY = YES_AGGRESSIVE;
				CLANG_WARN_UNREACHABLE_CODE = YES;
				CLANG_WARN__DUPLICATE_METHOD_MATCH = YES;
				COPY_PHASE_STRIP = NO;
				DEBUG_INFORMATION_FORMAT = dwarf;
				ENABLE_STRICT_OBJC_MSGSEND = YES;
				ENABLE_TESTABILITY = YES;
				ENABLE_USER_SCRIPT_SANDBOXING = YES;
				GCC_C_LANGUAGE_STANDARD = gnu17;
				GCC_DYNAMIC_NO_PIC = NO;
				GCC_NO_COMMON_BLOCKS = YES;
				GCC_OPTIMIZATION_LEVEL = 0;
				GCC_PREPROCESSOR_DEFINITIONS = (
					"DEBUG=1",
					"$(inherited)",
				);
				GCC_WARN_64_TO_32_BIT_CONVERSION = YES;
				GCC_WARN_ABOUT_RETURN_TYPE = YES_ERROR;
				GCC_WARN_UNDECLARED_SELECTOR = YES;
				GCC_WARN_UNINITIALIZED_AUTOS = YES_AGGRESSIVE;
				GCC_WARN_UNUSED_FUNCTION = YES;
				GCC_WARN_UNUSED_VARIABLE = YES;
				IPHONEOS_DEPLOYMENT_TARGET = 17.0;
				LOCALIZATION_PREFERS_STRING_CATALOGS = YES;
				MACOSX_DEPLOYMENT_TARGET = 14.0;
				MTL_ENABLE_DEBUG_INFO = INCLUDE_SOURCE;
				MTL_FAST_MATH = YES;
				ONLY_ACTIVE_ARCH = YES;
				SDKROOT = macosx;
				SWIFT_ACTIVE_COMPILATION_CONDITIONS = "DEBUG $(inherited)";
				SWIFT_OPTIMIZATION_LEVEL = "-Onone";
			};
			name = Debug;
		};
		478CF50A2AC6190800505F90 /* Release */ = {
			isa = XCBuildConfiguration;
			buildSettings = {
				ALWAYS_SEARCH_USER_PATHS = NO;
				ASSETCATALOG_COMPILER_GENERATE_SWIFT_ASSET_SYMBOL_EXTENSIONS = YES;
				CLANG_ANALYZER_NONNULL = YES;
				CLANG_ANALYZER_NUMBER_OBJECT_CONVERSION = YES_AGGRESSIVE;
				CLANG_CXX_LANGUAGE_STANDARD = "gnu++20";
				CLANG_ENABLE_MODULES = YES;
				CLANG_ENABLE_OBJC_ARC = YES;
				CLANG_ENABLE_OBJC_WEAK = YES;
				CLANG_WARN_BLOCK_CAPTURE_AUTORELEASING = YES;
				CLANG_WARN_BOOL_CONVERSION = YES;
				CLANG_WARN_COMMA = YES;
				CLANG_WARN_CONSTANT_CONVERSION = YES;
				CLANG_WARN_DEPRECATED_OBJC_IMPLEMENTATIONS = YES;
				CLANG_WARN_DIRECT_OBJC_ISA_USAGE = YES_ERROR;
				CLANG_WARN_DOCUMENTATION_COMMENTS = YES;
				CLANG_WARN_EMPTY_BODY = YES;
				CLANG_WARN_ENUM_CONVERSION = YES;
				CLANG_WARN_INFINITE_RECURSION = YES;
				CLANG_WARN_INT_CONVERSION = YES;
				CLANG_WARN_NON_LITERAL_NULL_CONVERSION = YES;
				CLANG_WARN_OBJC_IMPLICIT_RETAIN_SELF = YES;
				CLANG_WARN_OBJC_LITERAL_CONVERSION = YES;
				CLANG_WARN_OBJC_ROOT_CLASS = YES_ERROR;
				CLANG_WARN_QUOTED_INCLUDE_IN_FRAMEWORK_HEADER = YES;
				CLANG_WARN_RANGE_LOOP_ANALYSIS = YES;
				CLANG_WARN_STRICT_PROTOTYPES = YES;
				CLANG_WARN_SUSPICIOUS_MOVE = YES;
				CLANG_WARN_UNGUARDED_AVAILABILITY = YES_AGGRESSIVE;
				CLANG_WARN_UNREACHABLE_CODE = YES;
				CLANG_WARN__DUPLICATE_METHOD_MATCH = YES;
				COPY_PHASE_STRIP = NO;
				DEBUG_INFORMATION_FORMAT = "dwarf-with-dsym";
				ENABLE_NS_ASSERTIONS = NO;
				ENABLE_STRICT_OBJC_MSGSEND = YES;
				ENABLE_USER_SCRIPT_SANDBOXING = YES;
				GCC_C_LANGUAGE_STANDARD = gnu17;
				GCC_NO_COMMON_BLOCKS = YES;
				GCC_WARN_64_TO_32_BIT_CONVERSION = YES;
				GCC_WARN_ABOUT_RETURN_TYPE = YES_ERROR;
				GCC_WARN_UNDECLARED_SELECTOR = YES;
				GCC_WARN_UNINITIALIZED_AUTOS = YES_AGGRESSIVE;
				GCC_WARN_UNUSED_FUNCTION = YES;
				GCC_WARN_UNUSED_VARIABLE = YES;
				IPHONEOS_DEPLOYMENT_TARGET = 17.0;
				LOCALIZATION_PREFERS_STRING_CATALOGS = YES;
				MACOSX_DEPLOYMENT_TARGET = 14.0;
				MTL_ENABLE_DEBUG_INFO = NO;
				MTL_FAST_MATH = YES;
				SDKROOT = macosx;
				SWIFT_COMPILATION_MODE = wholemodule;
			};
			name = Release;
		};
		478CF50C2AC6190800505F90 /* Debug */ = {
			isa = XCBuildConfiguration;
			buildSettings = {
				ASSETCATALOG_COMPILER_APPICON_NAME = AppIcon;
				ASSETCATALOG_COMPILER_GLOBAL_ACCENT_COLOR_NAME = AccentColor;
				CODE_SIGN_ENTITLEMENTS = DeckExample/DeckExample.entitlements;
				CODE_SIGN_STYLE = Automatic;
				COMBINE_HIDPI_IMAGES = YES;
				CURRENT_PROJECT_VERSION = 1;
				DEVELOPMENT_ASSET_PATHS = "\"DeckExample/Preview Content\"";
				DEVELOPMENT_TEAM = QC99C9JE59;
				ENABLE_HARDENED_RUNTIME = YES;
				ENABLE_PREVIEWS = YES;
				GENERATE_INFOPLIST_FILE = YES;
				INFOPLIST_KEY_NSHumanReadableCopyright = "";
				INFOPLIST_KEY_UIRequiresFullScreen = YES;
				INFOPLIST_KEY_UISupportedInterfaceOrientations = "UIInterfaceOrientationLandscapeLeft UIInterfaceOrientationLandscapeRight UIInterfaceOrientationPortrait UIInterfaceOrientationPortraitUpsideDown";
				LD_RUNPATH_SEARCH_PATHS = (
					"$(inherited)",
					"@executable_path/../Frameworks",
				);
				MARKETING_VERSION = 1.0;
				PRODUCT_BUNDLE_IDENTIFIER = com.kitlangton.DeckExample;
				PRODUCT_NAME = "$(TARGET_NAME)";
				SUPPORTED_PLATFORMS = "iphoneos iphonesimulator macosx";
				SUPPORTS_MACCATALYST = NO;
				SUPPORTS_MAC_DESIGNED_FOR_IPHONE_IPAD = NO;
				SWIFT_EMIT_LOC_STRINGS = YES;
				SWIFT_VERSION = 5.0;
				TARGETED_DEVICE_FAMILY = "1,2";
			};
			name = Debug;
		};
		478CF50D2AC6190800505F90 /* Release */ = {
			isa = XCBuildConfiguration;
			buildSettings = {
				ASSETCATALOG_COMPILER_APPICON_NAME = AppIcon;
				ASSETCATALOG_COMPILER_GLOBAL_ACCENT_COLOR_NAME = AccentColor;
				CODE_SIGN_ENTITLEMENTS = DeckExample/DeckExample.entitlements;
				CODE_SIGN_STYLE = Automatic;
				COMBINE_HIDPI_IMAGES = YES;
				CURRENT_PROJECT_VERSION = 1;
				DEVELOPMENT_ASSET_PATHS = "\"DeckExample/Preview Content\"";
				DEVELOPMENT_TEAM = QC99C9JE59;
				ENABLE_HARDENED_RUNTIME = YES;
				ENABLE_PREVIEWS = YES;
				GENERATE_INFOPLIST_FILE = YES;
				INFOPLIST_KEY_NSHumanReadableCopyright = "";
				INFOPLIST_KEY_UIRequiresFullScreen = YES;
				INFOPLIST_KEY_UISupportedInterfaceOrientations = "UIInterfaceOrientationLandscapeLeft UIInterfaceOrientationLandscapeRight UIInterfaceOrientationPortrait UIInterfaceOrientationPortraitUpsideDown";
				LD_RUNPATH_SEARCH_PATHS = (
					"$(inherited)",
					"@executable_path/../Frameworks",
				);
				MARKETING_VERSION = 1.0;
				PRODUCT_BUNDLE_IDENTIFIER = com.kitlangton.DeckExample;
				PRODUCT_NAME = "$(TARGET_NAME)";
				SUPPORTED_PLATFORMS = "iphoneos iphonesimulator macosx";
				SUPPORTS_MACCATALYST = NO;
				SUPPORTS_MAC_DESIGNED_FOR_IPHONE_IPAD = NO;
				SWIFT_EMIT_LOC_STRINGS = YES;
				SWIFT_VERSION = 5.0;
				TARGETED_DEVICE_FAMILY = "1,2";
			};
			name = Release;
		};
/* End XCBuildConfiguration section */

/* Begin XCConfigurationList section */
		478CF4F72AC6190800505F90 /* Build configuration list for PBXProject "DeckExample" */ = {
			isa = XCConfigurationList;
			buildConfigurations = (
				478CF5092AC6190800505F90 /* Debug */,
				478CF50A2AC6190800505F90 /* Release */,
			);
			defaultConfigurationIsVisible = 0;
			defaultConfigurationName = Release;
		};
		478CF50B2AC6190800505F90 /* Build configuration list for PBXNativeTarget "DeckExample" */ = {
			isa = XCConfigurationList;
			buildConfigurations = (
				478CF50C2AC6190800505F90 /* Debug */,
				478CF50D2AC6190800505F90 /* Release */,
			);
			defaultConfigurationIsVisible = 0;
			defaultConfigurationName = Release;
		};
/* End XCConfigurationList section */

/* Begin XCRemoteSwiftPackageReference section */
		47C2D2552ACF27DE003624D7 /* XCRemoteSwiftPackageReference "swift-identified-collections" */ = {
			isa = XCRemoteSwiftPackageReference;
			repositoryURL = "https://github.com/pointfreeco/swift-identified-collections";
			requirement = {
				kind = upToNextMajorVersion;
				minimumVersion = 1.0.0;
			};
		};
/* End XCRemoteSwiftPackageReference section */

/* Begin XCSwiftPackageProductDependency section */
		478CF5152AC619D800505F90 /* Deck */ = {
			isa = XCSwiftPackageProductDependency;
			productName = Deck;
		};
		47C2D2562ACF27DE003624D7 /* IdentifiedCollections */ = {
			isa = XCSwiftPackageProductDependency;
			package = 47C2D2552ACF27DE003624D7 /* XCRemoteSwiftPackageReference "swift-identified-collections" */;
			productName = IdentifiedCollections;
		};
/* End XCSwiftPackageProductDependency section */
	};
	rootObject = 478CF4F42AC6190800505F90 /* Project object */;
}
